
Microsoft Visual Studio Solution File, Format Version 12.00
Project("{FAE04EC0-301F-11D3-BF4B-00C04F79EFBC}") = "Interview Preparation", "Interview Preparation\Interview Preparation.csproj", "{57CBB363-FE2D-4C52-B8BF-B4308CA7FD69}"
EndProject
Global
	GlobalSection(SolutionConfigurationPlatforms) = preSolution
		Debug|Any CPU = Debug|Any CPU
		Release|Any CPU = Release|Any CPU
	EndGlobalSection
	GlobalSection(ProjectConfigurationPlatforms) = postSolution
		{57CBB363-FE2D-4C52-B8BF-B4308CA7FD69}.Debug|Any CPU.ActiveCfg = Debug|Any CPU
		{57CBB363-FE2D-4C52-B8BF-B4308CA7FD69}.Debug|Any CPU.Build.0 = Debug|Any CPU
		{57CBB363-FE2D-4C52-B8BF-B4308CA7FD69}.Release|Any CPU.ActiveCfg = Release|Any CPU
		{57CBB363-FE2D-4C52-B8BF-B4308CA7FD69}.Release|Any CPU.Build.0 = Release|Any CPU
	EndGlobalSection
EndGlobal
